Microsoft Visual Studio Solution File, Format Version 12.00
# Visual Studio 14
VisualStudioVersion = 14.0.25123.0
MinimumVisualStudioVersion = 10.0.40219.1
Project("{2150E333-8FDC-42A3-9474-1A3956D46DE8}") = "src", "src", "{B0049115-BA3C-4DFB-A30A-96DBB2BA400F}"
EndProject
Project("{2150E333-8FDC-42A3-9474-1A3956D46DE8}") = "tests", "tests", "{E4A2ED48-10FC-4D8E-98C1-287BD73065ED}"
EndProject
Project("{2150E333-8FDC-42A3-9474-1A3956D46DE8}") = "samples", "samples", "{772C8F8D-FA1A-4F47-AAED-ECE82D010EFE}"
EndProject
Project("{2150E333-8FDC-42A3-9474-1A3956D46DE8}") = "console", "console", "{B49827A9-24E9-4779-A228-EC0E4DFEF6A9}"
EndProject
Project("{FAE04EC0-301F-11D3-BF4B-00C04F79EFBC}") = "Console.Demo", "samples\console\Console.Demo\Console.Demo.csproj", "{EA4BBCE3-7D41-40A4-B9DE-76505F381E58}"
EndProject
Project("{2150E333-8FDC-42A3-9474-1A3956D46DE8}") = "Collections", "Collections", "{82C91D4D-48E4-44A4-A6E6-BC81D91738E2}"
EndProject
Project("{FAE04EC0-301F-11D3-BF4B-00C04F79EFBC}") = "ML.Stack", "src\Collections\ML.Stack\ML.Stack.csproj", "{81AA5B8E-8D68-4BB9-BE5B-1C0A3DC6A42B}"
EndProject
Project("{FAE04EC0-301F-11D3-BF4B-00C04F79EFBC}") = "ML.Map", "src\Collections\ML.Map\ML.Map.csproj", "{2417AB44-1D7E-4D18-B1CA-EC5C9034F535}"
EndProject
Project("{FAE04EC0-301F-11D3-BF4B-00C04F79EFBC}") = "ML.Set", "src\Collections\ML.Set\ML.Set.csproj", "{30C707EF-4524-47A7-82C6-52D64D07C22A}"
EndProject
Project("{2150E333-8FDC-42A3-9474-1A3956D46DE8}") = "Collections", "Collections", "{132193F2-E7CA-4311-8C87-682EB562EDAC}"
EndProject
Project("{FAE04EC0-301F-11D3-BF4B-00C04F79EFBC}") = "ML.Map.Tests", "tests\Collections\ML.Map.Tests\ML.Map.Tests.csproj", "{CF2C7325-9017-4B1B-86A5-6B94FD5F9EFF}"
EndProject
Project("{FAE04EC0-301F-11D3-BF4B-00C04F79EFBC}") = "ML.Stack.Tests", "tests\Collections\ML.Stack.Tests\ML.Stack.Tests.csproj", "{95C92667-2CA1-45D7-920A-FB34341C6A30}"
EndProject
Project("{FAE04EC0-301F-11D3-BF4B-00C04F79EFBC}") = "ML.Set.Tests", "tests\Collections\ML.Set.Tests\ML.Set.Tests.csproj", "{FC589418-98E2-481E-A7FC-D4EAA9DFD04E}"
EndProject
Global
	GlobalSection(SolutionConfigurationPlatforms) = preSolution
		Debug|Any CPU = Debug|Any CPU
		Release|Any CPU = Release|Any CPU
	EndGlobalSection
	GlobalSection(ProjectConfigurationPlatforms) = postSolution
		{EA4BBCE3-7D41-40A4-B9DE-76505F381E58}.Debug|Any CPU.ActiveCfg = Debug|Any CPU
		{EA4BBCE3-7D41-40A4-B9DE-76505F381E58}.Debug|Any CPU.Build.0 = Debug|Any CPU
		{EA4BBCE3-7D41-40A4-B9DE-76505F381E58}.Release|Any CPU.ActiveCfg = Release|Any CPU
		{EA4BBCE3-7D41-40A4-B9DE-76505F381E58}.Release|Any CPU.Build.0 = Release|Any CPU
		{81AA5B8E-8D68-4BB9-BE5B-1C0A3DC6A42B}.Debug|Any CPU.ActiveCfg = Debug|Any CPU
		{81AA5B8E-8D68-4BB9-BE5B-1C0A3DC6A42B}.Debug|Any CPU.Build.0 = Debug|Any CPU
		{81AA5B8E-8D68-4BB9-BE5B-1C0A3DC6A42B}.Release|Any CPU.ActiveCfg = Release|Any CPU
		{81AA5B8E-8D68-4BB9-BE5B-1C0A3DC6A42B}.Release|Any CPU.Build.0 = Release|Any CPU
		{2417AB44-1D7E-4D18-B1CA-EC5C9034F535}.Debug|Any CPU.ActiveCfg = Debug|Any CPU
		{2417AB44-1D7E-4D18-B1CA-EC5C9034F535}.Debug|Any CPU.Build.0 = Debug|Any CPU
		{2417AB44-1D7E-4D18-B1CA-EC5C9034F535}.Release|Any CPU.ActiveCfg = Release|Any CPU
		{2417AB44-1D7E-4D18-B1CA-EC5C9034F535}.Release|Any CPU.Build.0 = Release|Any CPU
		{30C707EF-4524-47A7-82C6-52D64D07C22A}.Debug|Any CPU.ActiveCfg = Debug|Any CPU
		{30C707EF-4524-47A7-82C6-52D64D07C22A}.Debug|Any CPU.Build.0 = Debug|Any CPU
		{30C707EF-4524-47A7-82C6-52D64D07C22A}.Release|Any CPU.ActiveCfg = Release|Any CPU
		{30C707EF-4524-47A7-82C6-52D64D07C22A}.Release|Any CPU.Build.0 = Release|Any CPU
		{CF2C7325-9017-4B1B-86A5-6B94FD5F9EFF}.Debug|Any CPU.ActiveCfg = Debug|Any CPU
		{CF2C7325-9017-4B1B-86A5-6B94FD5F9EFF}.Debug|Any CPU.Build.0 = Debug|Any CPU
		{CF2C7325-9017-4B1B-86A5-6B94FD5F9EFF}.Release|Any CPU.ActiveCfg = Release|Any CPU
		{CF2C7325-9017-4B1B-86A5-6B94FD5F9EFF}.Release|Any CPU.Build.0 = Release|Any CPU
		{95C92667-2CA1-45D7-920A-FB34341C6A30}.Debug|Any CPU.ActiveCfg = Debug|Any CPU
		{95C92667-2CA1-45D7-920A-FB34341C6A30}.Debug|Any CPU.Build.0 = Debug|Any CPU
		{95C92667-2CA1-45D7-920A-FB34341C6A30}.Release|Any CPU.ActiveCfg = Release|Any CPU
		{95C92667-2CA1-45D7-920A-FB34341C6A30}.Release|Any CPU.Build.0 = Release|Any CPU
		{FC589418-98E2-481E-A7FC-D4EAA9DFD04E}.Debug|Any CPU.ActiveCfg = Debug|Any CPU
		{FC589418-98E2-481E-A7FC-D4EAA9DFD04E}.Debug|Any CPU.Build.0 = Debug|Any CPU
		{FC589418-98E2-481E-A7FC-D4EAA9DFD04E}.Release|Any CPU.ActiveCfg = Release|Any CPU
		{FC589418-98E2-481E-A7FC-D4EAA9DFD04E}.Release|Any CPU.Build.0 = Release|Any CPU
	EndGlobalSection
	GlobalSection(SolutionProperties) = preSolution
		HideSolutionNode = FALSE
	EndGlobalSection
	GlobalSection(NestedProjects) = preSolution
		{B49827A9-24E9-4779-A228-EC0E4DFEF6A9} = {772C8F8D-FA1A-4F47-AAED-ECE82D010EFE}
		{EA4BBCE3-7D41-40A4-B9DE-76505F381E58} = {B49827A9-24E9-4779-A228-EC0E4DFEF6A9}
		{82C91D4D-48E4-44A4-A6E6-BC81D91738E2} = {B0049115-BA3C-4DFB-A30A-96DBB2BA400F}
		{81AA5B8E-8D68-4BB9-BE5B-1C0A3DC6A42B} = {82C91D4D-48E4-44A4-A6E6-BC81D91738E2}
		{2417AB44-1D7E-4D18-B1CA-EC5C9034F535} = {82C91D4D-48E4-44A4-A6E6-BC81D91738E2}
		{30C707EF-4524-47A7-82C6-52D64D07C22A} = {82C91D4D-48E4-44A4-A6E6-BC81D91738E2}
		{132193F2-E7CA-4311-8C87-682EB562EDAC} = {E4A2ED48-10FC-4D8E-98C1-287BD73065ED}
		{CF2C7325-9017-4B1B-86A5-6B94FD5F9EFF} = {132193F2-E7CA-4311-8C87-682EB562EDAC}
		{95C92667-2CA1-45D7-920A-FB34341C6A30} = {132193F2-E7CA-4311-8C87-682EB562EDAC}
		{FC589418-98E2-481E-A7FC-D4EAA9DFD04E} = {132193F2-E7CA-4311-8C87-682EB562EDAC}
	EndGlobalSection
EndGlobal
