Microsoft Visual Studio Solution File, Format Version 12.00
# Visual Studio 14
VisualStudioVersion = 14.0.25123.0
MinimumVisualStudioVersion = 10.0.40219.1
Project("{FAE04EC0-301F-11D3-BF4B-00C04F79EFBC}") = "Collections", "Collections\Collections.csproj", "{3D5DF065-36DD-4E6B-9194-49F3672196FE}"
EndProject
Project("{FAE04EC0-301F-11D3-BF4B-00C04F79EFBC}") = "TestAppConsole", "TestAppConsole\TestAppConsole.csproj", "{CB59F6E2-79CF-498C-B066-021672CA1425}"
EndProject
Project("{FAE04EC0-301F-11D3-BF4B-00C04F79EFBC}") = "Collections.Tests", "Collections.Tests\Collections.Tests.csproj", "{4379EC5F-7D35-4B4E-B73F-51DBFBD4110C}"
EndProject
Project("{FAE04EC0-301F-11D3-BF4B-00C04F79EFBC}") = "Common", "Common\Common.csproj", "{13182F21-D0BE-4944-BF59-AD7558458E97}"
EndProject
Project("{FAE04EC0-301F-11D3-BF4B-00C04F79EFBC}") = "Serialization", "Serialization\Serialization.csproj", "{67961EBA-7C62-4A8B-881F-4C7F6679D3BA}"
EndProject
Project("{FAE04EC0-301F-11D3-BF4B-00C04F79EFBC}") = "Collections.Specs", "Collections.Specs\Collections.Specs.csproj", "{39621D59-8677-4858-8CA5-7E3185464790}"
EndProject
Project("{FAE04EC0-301F-11D3-BF4B-00C04F79EFBC}") = "Common.Tests", "Common.Tests\Common.Tests.csproj", "{89FEEA52-E239-4855-85AB-D1FC919347BE}"
EndProject
Project("{FAE04EC0-301F-11D3-BF4B-00C04F79EFBC}") = "Common.Specs", "Common.Specs\Common.Specs.csproj", "{C53D90B4-DCB8-4E23-A72E-6F0D59760EB7}"
EndProject
Project("{FAE04EC0-301F-11D3-BF4B-00C04F79EFBC}") = "Serialization.Tests", "Serialization.Tests\Serialization.Tests.csproj", "{CD5B0491-D3B0-46B1-85E7-20E98713D29A}"
EndProject
Project("{FAE04EC0-301F-11D3-BF4B-00C04F79EFBC}") = "Serialization.Specs", "Serialization.Specs\Serialization.Specs.csproj", "{BD473E8A-06F6-4DDF-9485-AD850C0B6D40}"
EndProject
Project("{FAE04EC0-301F-11D3-BF4B-00C04F79EFBC}") = "Logging", "Logging\Logging.csproj", "{C98BBD07-FF0E-4C37-A7F0-F3FEF291F0B2}"
EndProject
Project("{FAE04EC0-301F-11D3-BF4B-00C04F79EFBC}") = "Logging.Tests", "Logging.Tests\Logging.Tests.csproj", "{E9984108-30F1-43FB-A593-9203EF9FCE23}"
EndProject
Project("{FAE04EC0-301F-11D3-BF4B-00C04F79EFBC}") = "Logging.Specs", "Logging.Specs\Logging.Specs.csproj", "{E5482CF9-E494-4169-A3E9-C9F0472FB224}"
EndProject
Global
	GlobalSection(SolutionConfigurationPlatforms) = preSolution
		Debug|Any CPU = Debug|Any CPU
		Release|Any CPU = Release|Any CPU
	EndGlobalSection
	GlobalSection(ProjectConfigurationPlatforms) = postSolution
		{3D5DF065-36DD-4E6B-9194-49F3672196FE}.Debug|Any CPU.ActiveCfg = Debug|Any CPU
		{3D5DF065-36DD-4E6B-9194-49F3672196FE}.Debug|Any CPU.Build.0 = Debug|Any CPU
		{3D5DF065-36DD-4E6B-9194-49F3672196FE}.Release|Any CPU.ActiveCfg = Release|Any CPU
		{3D5DF065-36DD-4E6B-9194-49F3672196FE}.Release|Any CPU.Build.0 = Release|Any CPU
		{CB59F6E2-79CF-498C-B066-021672CA1425}.Debug|Any CPU.ActiveCfg = Debug|Any CPU
		{CB59F6E2-79CF-498C-B066-021672CA1425}.Debug|Any CPU.Build.0 = Debug|Any CPU
		{CB59F6E2-79CF-498C-B066-021672CA1425}.Release|Any CPU.ActiveCfg = Release|Any CPU
		{CB59F6E2-79CF-498C-B066-021672CA1425}.Release|Any CPU.Build.0 = Release|Any CPU
		{4379EC5F-7D35-4B4E-B73F-51DBFBD4110C}.Debug|Any CPU.ActiveCfg = Debug|Any CPU
		{4379EC5F-7D35-4B4E-B73F-51DBFBD4110C}.Debug|Any CPU.Build.0 = Debug|Any CPU
		{4379EC5F-7D35-4B4E-B73F-51DBFBD4110C}.Release|Any CPU.ActiveCfg = Release|Any CPU
		{4379EC5F-7D35-4B4E-B73F-51DBFBD4110C}.Release|Any CPU.Build.0 = Release|Any CPU
		{13182F21-D0BE-4944-BF59-AD7558458E97}.Debug|Any CPU.ActiveCfg = Debug|Any CPU
		{13182F21-D0BE-4944-BF59-AD7558458E97}.Debug|Any CPU.Build.0 = Debug|Any CPU
		{13182F21-D0BE-4944-BF59-AD7558458E97}.Release|Any CPU.ActiveCfg = Release|Any CPU
		{13182F21-D0BE-4944-BF59-AD7558458E97}.Release|Any CPU.Build.0 = Release|Any CPU
		{67961EBA-7C62-4A8B-881F-4C7F6679D3BA}.Debug|Any CPU.ActiveCfg = Debug|Any CPU
		{67961EBA-7C62-4A8B-881F-4C7F6679D3BA}.Debug|Any CPU.Build.0 = Debug|Any CPU
		{67961EBA-7C62-4A8B-881F-4C7F6679D3BA}.Release|Any CPU.ActiveCfg = Release|Any CPU
		{67961EBA-7C62-4A8B-881F-4C7F6679D3BA}.Release|Any CPU.Build.0 = Release|Any CPU
		{39621D59-8677-4858-8CA5-7E3185464790}.Debug|Any CPU.ActiveCfg = Debug|Any CPU
		{39621D59-8677-4858-8CA5-7E3185464790}.Debug|Any CPU.Build.0 = Debug|Any CPU
		{39621D59-8677-4858-8CA5-7E3185464790}.Release|Any CPU.ActiveCfg = Release|Any CPU
		{39621D59-8677-4858-8CA5-7E3185464790}.Release|Any CPU.Build.0 = Release|Any CPU
		{89FEEA52-E239-4855-85AB-D1FC919347BE}.Debug|Any CPU.ActiveCfg = Debug|Any CPU
		{89FEEA52-E239-4855-85AB-D1FC919347BE}.Debug|Any CPU.Build.0 = Debug|Any CPU
		{89FEEA52-E239-4855-85AB-D1FC919347BE}.Release|Any CPU.ActiveCfg = Release|Any CPU
		{89FEEA52-E239-4855-85AB-D1FC919347BE}.Release|Any CPU.Build.0 = Release|Any CPU
		{C53D90B4-DCB8-4E23-A72E-6F0D59760EB7}.Debug|Any CPU.ActiveCfg = Debug|Any CPU
		{C53D90B4-DCB8-4E23-A72E-6F0D59760EB7}.Debug|Any CPU.Build.0 = Debug|Any CPU
		{C53D90B4-DCB8-4E23-A72E-6F0D59760EB7}.Release|Any CPU.ActiveCfg = Release|Any CPU
		{C53D90B4-DCB8-4E23-A72E-6F0D59760EB7}.Release|Any CPU.Build.0 = Release|Any CPU
		{CD5B0491-D3B0-46B1-85E7-20E98713D29A}.Debug|Any CPU.ActiveCfg = Debug|Any CPU
		{CD5B0491-D3B0-46B1-85E7-20E98713D29A}.Debug|Any CPU.Build.0 = Debug|Any CPU
		{CD5B0491-D3B0-46B1-85E7-20E98713D29A}.Release|Any CPU.ActiveCfg = Release|Any CPU
		{CD5B0491-D3B0-46B1-85E7-20E98713D29A}.Release|Any CPU.Build.0 = Release|Any CPU
		{BD473E8A-06F6-4DDF-9485-AD850C0B6D40}.Debug|Any CPU.ActiveCfg = Debug|Any CPU
		{BD473E8A-06F6-4DDF-9485-AD850C0B6D40}.Debug|Any CPU.Build.0 = Debug|Any CPU
		{BD473E8A-06F6-4DDF-9485-AD850C0B6D40}.Release|Any CPU.ActiveCfg = Release|Any CPU
		{BD473E8A-06F6-4DDF-9485-AD850C0B6D40}.Release|Any CPU.Build.0 = Release|Any CPU
		{C98BBD07-FF0E-4C37-A7F0-F3FEF291F0B2}.Debug|Any CPU.ActiveCfg = Debug|Any CPU
		{C98BBD07-FF0E-4C37-A7F0-F3FEF291F0B2}.Debug|Any CPU.Build.0 = Debug|Any CPU
		{C98BBD07-FF0E-4C37-A7F0-F3FEF291F0B2}.Release|Any CPU.ActiveCfg = Release|Any CPU
		{C98BBD07-FF0E-4C37-A7F0-F3FEF291F0B2}.Release|Any CPU.Build.0 = Release|Any CPU
		{E9984108-30F1-43FB-A593-9203EF9FCE23}.Debug|Any CPU.ActiveCfg = Debug|Any CPU
		{E9984108-30F1-43FB-A593-9203EF9FCE23}.Debug|Any CPU.Build.0 = Debug|Any CPU
		{E9984108-30F1-43FB-A593-9203EF9FCE23}.Release|Any CPU.ActiveCfg = Release|Any CPU
		{E9984108-30F1-43FB-A593-9203EF9FCE23}.Release|Any CPU.Build.0 = Release|Any CPU
		{E5482CF9-E494-4169-A3E9-C9F0472FB224}.Debug|Any CPU.ActiveCfg = Debug|Any CPU
		{E5482CF9-E494-4169-A3E9-C9F0472FB224}.Debug|Any CPU.Build.0 = Debug|Any CPU
		{E5482CF9-E494-4169-A3E9-C9F0472FB224}.Release|Any CPU.ActiveCfg = Release|Any CPU
		{E5482CF9-E494-4169-A3E9-C9F0472FB224}.Release|Any CPU.Build.0 = Release|Any CPU
	EndGlobalSection
	GlobalSection(SolutionProperties) = preSolution
		HideSolutionNode = FALSE
	EndGlobalSection
	GlobalSection(AutomaticVersions) = postSolution
		UpdateAssemblyVersion = True
		UpdateAssemblyFileVersion = True
		UpdateAssemblyInfoVersion = True
		AssemblyVersionSettings = IncrementOnDemand.YearStamp.MonthStamp.DeltaDayStamp
		AssemblyFileVersionSettings = IncrementOnDemand.YearStamp.MonthStamp.DeltaDayStamp
		AssemblyInfoVersionSettings = IncrementOnDemand.YearStamp.MonthStamp.DeltaDayStamp
	EndGlobalSection
EndGlobal
