Microsoft Visual Studio Solution File, Format Version 12.00
# Visual Studio 14
VisualStudioVersion = 14.0.25123.0
MinimumVisualStudioVersion = 10.0.40219.1
Project("{FAE04EC0-301F-11D3-BF4B-00C04F79EFBC}") = "Collections", "src\Collections\Collections.csproj", "{3D5DF065-36DD-4E6B-9194-49F3672196FE}"
EndProject
Project("{FAE04EC0-301F-11D3-BF4B-00C04F79EFBC}") = "Collections.Tests", "tests\Collections.Tests\Collections.Tests.csproj", "{4379EC5F-7D35-4B4E-B73F-51DBFBD4110C}"
EndProject
Project("{2150E333-8FDC-42A3-9474-1A3956D46DE8}") = "src", "src", "{B0049115-BA3C-4DFB-A30A-96DBB2BA400F}"
EndProject
Project("{2150E333-8FDC-42A3-9474-1A3956D46DE8}") = "tests", "tests", "{E4A2ED48-10FC-4D8E-98C1-287BD73065ED}"
EndProject
Project("{2150E333-8FDC-42A3-9474-1A3956D46DE8}") = "samples", "samples", "{772C8F8D-FA1A-4F47-AAED-ECE82D010EFE}"
EndProject
Project("{2150E333-8FDC-42A3-9474-1A3956D46DE8}") = "console", "console", "{B49827A9-24E9-4779-A228-EC0E4DFEF6A9}"
EndProject
Project("{FAE04EC0-301F-11D3-BF4B-00C04F79EFBC}") = "Console.Demo", "samples\console\Console.Demo\Console.Demo.csproj", "{EA4BBCE3-7D41-40A4-B9DE-76505F381E58}"
EndProject
Project("{2150E333-8FDC-42A3-9474-1A3956D46DE8}") = "MicroLibraries.Collections", "MicroLibraries.Collections", "{82C91D4D-48E4-44A4-A6E6-BC81D91738E2}"
EndProject
Project("{FAE04EC0-301F-11D3-BF4B-00C04F79EFBC}") = "Stack", "src\MicroLibraries.Collections\Stack\Stack.csproj", "{81AA5B8E-8D68-4BB9-BE5B-1C0A3DC6A42B}"
EndProject
Project("{FAE04EC0-301F-11D3-BF4B-00C04F79EFBC}") = "Map", "src\MicroLibraries.Collections\Map\Map.csproj", "{2417AB44-1D7E-4D18-B1CA-EC5C9034F535}"
EndProject
Project("{FAE04EC0-301F-11D3-BF4B-00C04F79EFBC}") = "Set", "src\MicroLibraries.Collections\Set\Set.csproj", "{30C707EF-4524-47A7-82C6-52D64D07C22A}"
EndProject
Global
	GlobalSection(SolutionConfigurationPlatforms) = preSolution
		Debug|Any CPU = Debug|Any CPU
		Release|Any CPU = Release|Any CPU
	EndGlobalSection
	GlobalSection(ProjectConfigurationPlatforms) = postSolution
		{3D5DF065-36DD-4E6B-9194-49F3672196FE}.Debug|Any CPU.ActiveCfg = Debug|Any CPU
		{3D5DF065-36DD-4E6B-9194-49F3672196FE}.Debug|Any CPU.Build.0 = Debug|Any CPU
		{3D5DF065-36DD-4E6B-9194-49F3672196FE}.Release|Any CPU.ActiveCfg = Release|Any CPU
		{3D5DF065-36DD-4E6B-9194-49F3672196FE}.Release|Any CPU.Build.0 = Release|Any CPU
		{4379EC5F-7D35-4B4E-B73F-51DBFBD4110C}.Debug|Any CPU.ActiveCfg = Debug|Any CPU
		{4379EC5F-7D35-4B4E-B73F-51DBFBD4110C}.Debug|Any CPU.Build.0 = Debug|Any CPU
		{4379EC5F-7D35-4B4E-B73F-51DBFBD4110C}.Release|Any CPU.ActiveCfg = Release|Any CPU
		{4379EC5F-7D35-4B4E-B73F-51DBFBD4110C}.Release|Any CPU.Build.0 = Release|Any CPU
		{EA4BBCE3-7D41-40A4-B9DE-76505F381E58}.Debug|Any CPU.ActiveCfg = Debug|Any CPU
		{EA4BBCE3-7D41-40A4-B9DE-76505F381E58}.Debug|Any CPU.Build.0 = Debug|Any CPU
		{EA4BBCE3-7D41-40A4-B9DE-76505F381E58}.Release|Any CPU.ActiveCfg = Release|Any CPU
		{EA4BBCE3-7D41-40A4-B9DE-76505F381E58}.Release|Any CPU.Build.0 = Release|Any CPU
		{81AA5B8E-8D68-4BB9-BE5B-1C0A3DC6A42B}.Debug|Any CPU.ActiveCfg = Debug|Any CPU
		{81AA5B8E-8D68-4BB9-BE5B-1C0A3DC6A42B}.Debug|Any CPU.Build.0 = Debug|Any CPU
		{81AA5B8E-8D68-4BB9-BE5B-1C0A3DC6A42B}.Release|Any CPU.ActiveCfg = Release|Any CPU
		{81AA5B8E-8D68-4BB9-BE5B-1C0A3DC6A42B}.Release|Any CPU.Build.0 = Release|Any CPU
		{2417AB44-1D7E-4D18-B1CA-EC5C9034F535}.Debug|Any CPU.ActiveCfg = Debug|Any CPU
		{2417AB44-1D7E-4D18-B1CA-EC5C9034F535}.Debug|Any CPU.Build.0 = Debug|Any CPU
		{2417AB44-1D7E-4D18-B1CA-EC5C9034F535}.Release|Any CPU.ActiveCfg = Release|Any CPU
		{2417AB44-1D7E-4D18-B1CA-EC5C9034F535}.Release|Any CPU.Build.0 = Release|Any CPU
		{30C707EF-4524-47A7-82C6-52D64D07C22A}.Debug|Any CPU.ActiveCfg = Debug|Any CPU
		{30C707EF-4524-47A7-82C6-52D64D07C22A}.Debug|Any CPU.Build.0 = Debug|Any CPU
		{30C707EF-4524-47A7-82C6-52D64D07C22A}.Release|Any CPU.ActiveCfg = Release|Any CPU
		{30C707EF-4524-47A7-82C6-52D64D07C22A}.Release|Any CPU.Build.0 = Release|Any CPU
	EndGlobalSection
	GlobalSection(SolutionProperties) = preSolution
		HideSolutionNode = FALSE
	EndGlobalSection
	GlobalSection(NestedProjects) = preSolution
		{3D5DF065-36DD-4E6B-9194-49F3672196FE} = {B0049115-BA3C-4DFB-A30A-96DBB2BA400F}
		{4379EC5F-7D35-4B4E-B73F-51DBFBD4110C} = {E4A2ED48-10FC-4D8E-98C1-287BD73065ED}
		{B49827A9-24E9-4779-A228-EC0E4DFEF6A9} = {772C8F8D-FA1A-4F47-AAED-ECE82D010EFE}
		{EA4BBCE3-7D41-40A4-B9DE-76505F381E58} = {B49827A9-24E9-4779-A228-EC0E4DFEF6A9}
		{82C91D4D-48E4-44A4-A6E6-BC81D91738E2} = {B0049115-BA3C-4DFB-A30A-96DBB2BA400F}
		{81AA5B8E-8D68-4BB9-BE5B-1C0A3DC6A42B} = {82C91D4D-48E4-44A4-A6E6-BC81D91738E2}
		{2417AB44-1D7E-4D18-B1CA-EC5C9034F535} = {82C91D4D-48E4-44A4-A6E6-BC81D91738E2}
		{30C707EF-4524-47A7-82C6-52D64D07C22A} = {82C91D4D-48E4-44A4-A6E6-BC81D91738E2}
	EndGlobalSection
EndGlobal
